Microsoft Visual Studio Solution File, Format Version 12.00
# Visual Studio Version 17
VisualStudioVersion = 17.5.2.0
MinimumVisualStudioVersion = 10.0.40219.1
Project("{FAE04EC0-301F-11D3-BF4B-00C04F79EFBC}") = "fhevm-sdk-cs", "fhevm-sdk-cs.csproj", "{B610EF15-8F89-27F7-ACD8-B83B7DE2F485}"
EndProject
Global
	GlobalSection(SolutionConfigurationPlatforms) = preSolution
		Debug|Any CPU = Debug|Any CPU
		Release|Any CPU = Release|Any CPU
	EndGlobalSection
	GlobalSection(ProjectConfigurationPlatforms) = postSolution
		{B610EF15-8F89-27F7-ACD8-B83B7DE2F485}.Debug|Any CPU.ActiveCfg = Debug|Any CPU
		{B610EF15-8F89-27F7-ACD8-B83B7DE2F485}.Debug|Any CPU.Build.0 = Debug|Any CPU
		{B610EF15-8F89-27F7-ACD8-B83B7DE2F485}.Release|Any CPU.ActiveCfg = Release|Any CPU
		{B610EF15-8F89-27F7-ACD8-B83B7DE2F485}.Release|Any CPU.Build.0 = Release|Any CPU
	EndGlobalSection
	GlobalSection(SolutionProperties) = preSolution
		HideSolutionNode = FALSE
	EndGlobalSection
	GlobalSection(ExtensibilityGlobals) = postSolution
		SolutionGuid = {1AFABF6B-4175-468C-B3A7-EF4F148B3A53}
	EndGlobalSection
EndGlobal
